
Microsoft Visual Studio Solution File, Format Version 12.00
# Visual Studio Version 16
VisualStudioVersion = 16.0.30804.86
MinimumVisualStudioVersion = 10.0.40219.1
Project("{FAE04EC0-301F-11D3-BF4B-00C04F79EFBC}") = "WebApplicationAssigment", "WebApplicationAssigment\WebApplicationAssigment.csproj", "{3EDBF840-6EF9-4F3B-92F2-4DB82201AEB4}"
EndProject
Global
	GlobalSection(SolutionConfigurationPlatforms) = preSolution
		Debug|Any CPU = Debug|Any CPU
		Release|Any CPU = Release|Any CPU
	EndGlobalSection
	GlobalSection(ProjectConfigurationPlatforms) = postSolution
		{3EDBF840-6EF9-4F3B-92F2-4DB82201AEB4}.Debug|Any CPU.ActiveCfg = Debug|Any CPU
		{3EDBF840-6EF9-4F3B-92F2-4DB82201AEB4}.Debug|Any CPU.Build.0 = Debug|Any CPU
		{3EDBF840-6EF9-4F3B-92F2-4DB82201AEB4}.Release|Any CPU.ActiveCfg = Release|Any CPU
		{3EDBF840-6EF9-4F3B-92F2-4DB82201AEB4}.Release|Any CPU.Build.0 = Release|Any CPU
	EndGlobalSection
	GlobalSection(SolutionProperties) = preSolution
		HideSolutionNode = FALSE
	EndGlobalSection
	GlobalSection(ExtensibilityGlobals) = postSolution
		SolutionGuid = {2BB40BCC-7436-40C7-9E92-684F09C37B5F}
	EndGlobalSection
EndGlobal
